
Microsoft Visual Studio Solution File, Format Version 12.00
# Visual Studio Version 16
VisualStudioVersion = 16.0.29519.87
MinimumVisualStudioVersion = 10.0.40219.1
Project("{FAE04EC0-301F-11D3-BF4B-00C04F79EFBC}") = "CafeBillingSystem", "CafeBillingSystem\CafeBillingSystem.csproj", "{FA6CC26F-34A4-4FAE-9AC7-C469173D4743}"
EndProject
Global
	GlobalSection(SolutionConfigurationPlatforms) = preSolution
		Debug|Any CPU = Debug|Any CPU
		Release|Any CPU = Release|Any CPU
	EndGlobalSection
	GlobalSection(ProjectConfigurationPlatforms) = postSolution
		{FA6CC26F-34A4-4FAE-9AC7-C469173D4743}.Debug|Any CPU.ActiveCfg = Debug|Any CPU
		{FA6CC26F-34A4-4FAE-9AC7-C469173D4743}.Debug|Any CPU.Build.0 = Debug|Any CPU
		{FA6CC26F-34A4-4FAE-9AC7-C469173D4743}.Release|Any CPU.ActiveCfg = Release|Any CPU
		{FA6CC26F-34A4-4FAE-9AC7-C469173D4743}.Release|Any CPU.Build.0 = Release|Any CPU
	EndGlobalSection
	GlobalSection(SolutionProperties) = preSolution
		HideSolutionNode = FALSE
	EndGlobalSection
	GlobalSection(ExtensibilityGlobals) = postSolution
		SolutionGuid = {42096FBB-864D-4031-BA13-BD86F453B410}
	EndGlobalSection
EndGlobal
